// !$*UTF8*$!
{
	archiveVersion = 1;
	classes = {
	};
	objectVersion = 50;
	objects = {

/* Begin PBXBuildFile section */
		EC72F52024BC7EEA00004872 /* AppDelegate.swift in Sources */ = {isa = PBXBuildFile; fileRef = EC72F51F24BC7EEA00004872 /* AppDelegate.swift */; };
		EC72F52424BC7EF000004872 /* Assets.xcassets in Resources */ = {isa = PBXBuildFile; fileRef = EC72F52324BC7EF000004872 /* Assets.xcassets */; };
		EC72F52724BC7EF000004872 /* Preview Assets.xcassets in Resources */ = {isa = PBXBuildFile; fileRef = EC72F52624BC7EF000004872 /* Preview Assets.xcassets */; };
		EC72F52A24BC7EF000004872 /* Main.storyboard in Resources */ = {isa = PBXBuildFile; fileRef = EC72F52824BC7EF000004872 /* Main.storyboard */; };
		EC72F53B24BCF30D00004872 /* EventMonitor.swift in Sources */ = {isa = PBXBuildFile; fileRef = EC72F53A24BCF30C00004872 /* EventMonitor.swift */; };
		EC72F53E24BDB4A400004872 /* ContentViewModel.swift in Sources */ = {isa = PBXBuildFile; fileRef = EC72F53D24BDB4A400004872 /* ContentViewModel.swift */; };
		EC72F54424BDB70500004872 /* Array+extension.swift in Sources */ = {isa = PBXBuildFile; fileRef = EC72F54324BDB70500004872 /* Array+extension.swift */; };
		EC72F54B24BDB8F500004872 /* ContentView.swift in Sources */ = {isa = PBXBuildFile; fileRef = EC72F54A24BDB8F500004872 /* ContentView.swift */; };
/* End PBXBuildFile section */

/* Begin PBXFileReference section */
		EC72F51C24BC7EEA00004872 /* QuickShot.app */ = {isa = PBXFileReference; explicitFileType = wrapper.application; includeInIndex = 0; path = QuickShot.app; sourceTree = BUILT_PRODUCTS_DIR; };
		EC72F51F24BC7EEA00004872 /* AppDelegate.swift */ = {isa = PBXFileReference; lastKnownFileType = sourcecode.swift; path = AppDelegate.swift; sourceTree = "<group>"; };
		EC72F52324BC7EF000004872 /* Assets.xcassets */ = {isa = PBXFileReference; lastKnownFileType = folder.assetcatalog; path = Assets.xcassets; sourceTree = "<group>"; };
		EC72F52624BC7EF000004872 /* Preview Assets.xcassets */ = {isa = PBXFileReference; lastKnownFileType = folder.assetcatalog; path = "Preview Assets.xcassets"; sourceTree = "<group>"; };
		EC72F52924BC7EF000004872 /* Base */ = {isa = PBXFileReference; lastKnownFileType = file.storyboard; name = Base; path = Base.lproj/Main.storyboard; sourceTree = "<group>"; };
		EC72F52B24BC7EF000004872 /* Info.plist */ = {isa = PBXFileReference; lastKnownFileType = text.plist.xml; path = Info.plist; sourceTree = "<group>"; };
		EC72F52C24BC7EF000004872 /* QuickShot.entitlements */ = {isa = PBXFileReference; lastKnownFileType = text.plist.entitlements; path = QuickShot.entitlements; sourceTree = "<group>"; };
		EC72F53A24BCF30C00004872 /* EventMonitor.swift */ = {isa = PBXFileReference; lastKnownFileType = sourcecode.swift; path = EventMonitor.swift; sourceTree = "<group>"; };
		EC72F53D24BDB4A400004872 /* ContentViewModel.swift */ = {isa = PBXFileReference; lastKnownFileType = sourcecode.swift; path = ContentViewModel.swift; sourceTree = "<group>"; };
		EC72F54324BDB70500004872 /* Array+extension.swift */ = {isa = PBXFileReference; lastKnownFileType = sourcecode.swift; path = "Array+extension.swift"; sourceTree = "<group>"; };
		EC72F54A24BDB8F500004872 /* ContentView.swift */ = {isa = PBXFileReference; lastKnownFileType = sourcecode.swift; path = ContentView.swift; sourceTree = "<group>"; };
/* End PBXFileReference section */

/* Begin PBXFrameworksBuildPhase section */
		EC72F51924BC7EEA00004872 /* Frameworks */ = {
			isa = PBXFrameworksBuildPhase;
			buildActionMask = 2147483647;
			files = (
			);
			runOnlyForDeploymentPostprocessing = 0;
		};
/* End PBXFrameworksBuildPhase section */

/* Begin PBXGroup section */
		EC72F51324BC7EEA00004872 = {
			isa = PBXGroup;
			children = (
				EC72F51E24BC7EEA00004872 /* QuickShot */,
				EC72F51D24BC7EEA00004872 /* Products */,
			);
			sourceTree = "<group>";
		};
		EC72F51D24BC7EEA00004872 /* Products */ = {
			isa = PBXGroup;
			children = (
				EC72F51C24BC7EEA00004872 /* QuickShot.app */,
			);
			name = Products;
			sourceTree = "<group>";
		};
		EC72F51E24BC7EEA00004872 /* QuickShot */ = {
			isa = PBXGroup;
			children = (
				EC72F53F24BDB67100004872 /* Source */,
				EC72F51F24BC7EEA00004872 /* AppDelegate.swift */,
				EC72F52324BC7EF000004872 /* Assets.xcassets */,
				EC72F52824BC7EF000004872 /* Main.storyboard */,
				EC72F52B24BC7EF000004872 /* Info.plist */,
				EC72F52C24BC7EF000004872 /* QuickShot.entitlements */,
				EC72F52524BC7EF000004872 /* Preview Content */,
				EC72F53A24BCF30C00004872 /* EventMonitor.swift */,
			);
			path = QuickShot;
			sourceTree = "<group>";
		};
		EC72F52524BC7EF000004872 /* Preview Content */ = {
			isa = PBXGroup;
			children = (
				EC72F52624BC7EF000004872 /* Preview Assets.xcassets */,
			);
			path = "Preview Content";
			sourceTree = "<group>";
		};
		EC72F53C24BDB48600004872 /* ContentView */ = {
			isa = PBXGroup;
			children = (
				EC72F53D24BDB4A400004872 /* ContentViewModel.swift */,
				EC72F54A24BDB8F500004872 /* ContentView.swift */,
			);
			path = ContentView;
			sourceTree = "<group>";
		};
		EC72F53F24BDB67100004872 /* Source */ = {
			isa = PBXGroup;
			children = (
				EC72F54224BDB6F600004872 /* Utils */,
				EC72F54024BDB68600004872 /* Components */,
			);
			path = Source;
			sourceTree = "<group>";
		};
		EC72F54024BDB68600004872 /* Components */ = {
			isa = PBXGroup;
			children = (
				EC72F53C24BDB48600004872 /* ContentView */,
			);
			path = Components;
			sourceTree = "<group>";
		};
		EC72F54224BDB6F600004872 /* Utils */ = {
			isa = PBXGroup;
			children = (
				EC72F54324BDB70500004872 /* Array+extension.swift */,
			);
			path = Utils;
			sourceTree = "<group>";
		};
/* End PBXGroup section */

/* Begin PBXNativeTarget section */
		EC72F51B24BC7EEA00004872 /* QuickShot */ = {
			isa = PBXNativeTarget;
			buildConfigurationList = EC72F52F24BC7EF000004872 /* Build configuration list for PBXNativeTarget "QuickShot" */;
			buildPhases = (
				EC72F51824BC7EEA00004872 /* Sources */,
				EC72F51924BC7EEA00004872 /* Frameworks */,
				EC72F51A24BC7EEA00004872 /* Resources */,
			);
			buildRules = (
			);
			dependencies = (
			);
			name = QuickShot;
			productName = QuickShot;
			productReference = EC72F51C24BC7EEA00004872 /* QuickShot.app */;
			productType = "com.apple.product-type.application";
		};
/* End PBXNativeTarget section */

/* Begin PBXProject section */
		EC72F51424BC7EEA00004872 /* Project object */ = {
			isa = PBXProject;
			attributes = {
				LastSwiftUpdateCheck = 1150;
				LastUpgradeCheck = 1150;
				ORGANIZATIONNAME = "Martin Vidovic";
				TargetAttributes = {
					EC72F51B24BC7EEA00004872 = {
						CreatedOnToolsVersion = 11.5;
					};
				};
			};
			buildConfigurationList = EC72F51724BC7EEA00004872 /* Build configuration list for PBXProject "QuickShot" */;
			compatibilityVersion = "Xcode 9.3";
			developmentRegion = en;
			hasScannedForEncodings = 0;
			knownRegions = (
				en,
				Base,
			);
			mainGroup = EC72F51324BC7EEA00004872;
			productRefGroup = EC72F51D24BC7EEA00004872 /* Products */;
			projectDirPath = "";
			projectRoot = "";
			targets = (
				EC72F51B24BC7EEA00004872 /* QuickShot */,
			);
		};
/* End PBXProject section */

/* Begin PBXResourcesBuildPhase section */
		EC72F51A24BC7EEA00004872 /* Resources */ = {
			isa = PBXResourcesBuildPhase;
			buildActionMask = 2147483647;
			files = (
				EC72F52A24BC7EF000004872 /* Main.storyboard in Resources */,
				EC72F52724BC7EF000004872 /* Preview Assets.xcassets in Resources */,
				EC72F52424BC7EF000004872 /* Assets.xcassets in Resources */,
			);
			runOnlyForDeploymentPostprocessing = 0;
		};
/* End PBXResourcesBuildPhase section */

/* Begin PBXSourcesBuildPhase section */
		EC72F51824BC7EEA00004872 /* Sources */ = {
			isa = PBXSourcesBuildPhase;
			buildActionMask = 2147483647;
			files = (
				EC72F53E24BDB4A400004872 /* ContentViewModel.swift in Sources */,
				EC72F54B24BDB8F500004872 /* ContentView.swift in Sources */,
				EC72F53B24BCF30D00004872 /* EventMonitor.swift in Sources */,
				EC72F54424BDB70500004872 /* Array+extension.swift in Sources */,
				EC72F52024BC7EEA00004872 /* AppDelegate.swift in Sources */,
			);
			runOnlyForDeploymentPostprocessing = 0;
		};
/* End PBXSourcesBuildPhase section */

/* Begin PBXVariantGroup section */
		EC72F52824BC7EF000004872 /* Main.storyboard */ = {
			isa = PBXVariantGroup;
			children = (
				EC72F52924BC7EF000004872 /* Base */,
			);
			name = Main.storyboard;
			sourceTree = "<group>";
		};
/* End PBXVariantGroup section */

/* Begin XCBuildConfiguration section */
		EC72F52D24BC7EF000004872 /* Debug */ = {
			isa = XCBuildConfiguration;
			buildSettings = {
				ALWAYS_SEARCH_USER_PATHS = NO;
				CLANG_ANALYZER_NONNULL = YES;
				CLANG_ANALYZER_NUMBER_OBJECT_CONVERSION = YES_AGGRESSIVE;
				CLANG_CXX_LANGUAGE_STANDARD = "gnu++14";
				CLANG_CXX_LIBRARY = "libc++";
				CLANG_ENABLE_MODULES = YES;
				CLANG_ENABLE_OBJC_ARC = YES;
				CLANG_ENABLE_OBJC_WEAK = YES;
				CLANG_WARN_BLOCK_CAPTURE_AUTORELEASING = YES;
				CLANG_WARN_BOOL_CONVERSION = YES;
				CLANG_WARN_COMMA = YES;
				CLANG_WARN_CONSTANT_CONVERSION = YES;
				CLANG_WARN_DEPRECATED_OBJC_IMPLEMENTATIONS = YES;
				CLANG_WARN_DIRECT_OBJC_ISA_USAGE = YES_ERROR;
				CLANG_WARN_DOCUMENTATION_COMMENTS = YES;
				CLANG_WARN_EMPTY_BODY = YES;
				CLANG_WARN_ENUM_CONVERSION = YES;
				CLANG_WARN_INFINITE_RECURSION = YES;
				CLANG_WARN_INT_CONVERSION = YES;
				CLANG_WARN_NON_LITERAL_NULL_CONVERSION = YES;
				CLANG_WARN_OBJC_IMPLICIT_RETAIN_SELF = YES;
				CLANG_WARN_OBJC_LITERAL_CONVERSION = YES;
				CLANG_WARN_OBJC_ROOT_CLASS = YES_ERROR;
				CLANG_WARN_RANGE_LOOP_ANALYSIS = YES;
				CLANG_WARN_STRICT_PROTOTYPES = YES;
				CLANG_WARN_SUSPICIOUS_MOVE = YES;
				CLANG_WARN_UNGUARDED_AVAILABILITY = YES_AGGRESSIVE;
				CLANG_WARN_UNREACHABLE_CODE = YES;
				CLANG_WARN__DUPLICATE_METHOD_MATCH = YES;
				COPY_PHASE_STRIP = NO;
				DEBUG_INFORMATION_FORMAT = dwarf;
				ENABLE_STRICT_OBJC_MSGSEND = YES;
				ENABLE_TESTABILITY = YES;
				GCC_C_LANGUAGE_STANDARD = gnu11;
				GCC_DYNAMIC_NO_PIC = NO;
				GCC_NO_COMMON_BLOCKS = YES;
				GCC_OPTIMIZATION_LEVEL = 0;
				GCC_PREPROCESSOR_DEFINITIONS = (
					"DEBUG=1",
					"$(inherited)",
				);
				GCC_WARN_64_TO_32_BIT_CONVERSION = YES;
				GCC_WARN_ABOUT_RETURN_TYPE = YES_ERROR;
				GCC_WARN_UNDECLARED_SELECTOR = YES;
				GCC_WARN_UNINITIALIZED_AUTOS = YES_AGGRESSIVE;
				GCC_WARN_UNUSED_FUNCTION = YES;
				GCC_WARN_UNUSED_VARIABLE = YES;
				MACOSX_DEPLOYMENT_TARGET = 10.15;
				MTL_ENABLE_DEBUG_INFO = INCLUDE_SOURCE;
				MTL_FAST_MATH = YES;
				ONLY_ACTIVE_ARCH = YES;
				SDKROOT = macosx;
				SWIFT_ACTIVE_COMPILATION_CONDITIONS = DEBUG;
				SWIFT_OPTIMIZATION_LEVEL = "-Onone";
			};
			name = Debug;
		};
		EC72F52E24BC7EF000004872 /* Release */ = {
			isa = XCBuildConfiguration;
			buildSettings = {
				ALWAYS_SEARCH_USER_PATHS = NO;
				CLANG_ANALYZER_NONNULL = YES;
				CLANG_ANALYZER_NUMBER_OBJECT_CONVERSION = YES_AGGRESSIVE;
				CLANG_CXX_LANGUAGE_STANDARD = "gnu++14";
				CLANG_CXX_LIBRARY = "libc++";
				CLANG_ENABLE_MODULES = YES;
				CLANG_ENABLE_OBJC_ARC = YES;
				CLANG_ENABLE_OBJC_WEAK = YES;
				CLANG_WARN_BLOCK_CAPTURE_AUTORELEASING = YES;
				CLANG_WARN_BOOL_CONVERSION = YES;
				CLANG_WARN_COMMA = YES;
				CLANG_WARN_CONSTANT_CONVERSION = YES;
				CLANG_WARN_DEPRECATED_OBJC_IMPLEMENTATIONS = YES;
				CLANG_WARN_DIRECT_OBJC_ISA_USAGE = YES_ERROR;
				CLANG_WARN_DOCUMENTATION_COMMENTS = YES;
				CLANG_WARN_EMPTY_BODY = YES;
				CLANG_WARN_ENUM_CONVERSION = YES;
				CLANG_WARN_INFINITE_RECURSION = YES;
				CLANG_WARN_INT_CONVERSION = YES;
				CLANG_WARN_NON_LITERAL_NULL_CONVERSION = YES;
				CLANG_WARN_OBJC_IMPLICIT_RETAIN_SELF = YES;
				CLANG_WARN_OBJC_LITERAL_CONVERSION = YES;
				CLANG_WARN_OBJC_ROOT_CLASS = YES_ERROR;
				CLANG_WARN_RANGE_LOOP_ANALYSIS = YES;
				CLANG_WARN_STRICT_PROTOTYPES = YES;
				CLANG_WARN_SUSPICIOUS_MOVE = YES;
				CLANG_WARN_UNGUARDED_AVAILABILITY = YES_AGGRESSIVE;
				CLANG_WARN_UNREACHABLE_CODE = YES;
				CLANG_WARN__DUPLICATE_METHOD_MATCH = YES;
				COPY_PHASE_STRIP = NO;
				DEBUG_INFORMATION_FORMAT = "dwarf-with-dsym";
				ENABLE_NS_ASSERTIONS = NO;
				ENABLE_STRICT_OBJC_MSGSEND = YES;
				GCC_C_LANGUAGE_STANDARD = gnu11;
				GCC_NO_COMMON_BLOCKS = YES;
				GCC_WARN_64_TO_32_BIT_CONVERSION = YES;
				GCC_WARN_ABOUT_RETURN_TYPE = YES_ERROR;
				GCC_WARN_UNDECLARED_SELECTOR = YES;
				GCC_WARN_UNINITIALIZED_AUTOS = YES_AGGRESSIVE;
				GCC_WARN_UNUSED_FUNCTION = YES;
				GCC_WARN_UNUSED_VARIABLE = YES;
				MACOSX_DEPLOYMENT_TARGET = 10.15;
				MTL_ENABLE_DEBUG_INFO = NO;
				MTL_FAST_MATH = YES;
				SDKROOT = macosx;
				SWIFT_COMPILATION_MODE = wholemodule;
				SWIFT_OPTIMIZATION_LEVEL = "-O";
			};
			name = Release;
		};
		EC72F53024BC7EF000004872 /* Debug */ = {
			isa = XCBuildConfiguration;
			buildSettings = {
				ASSETCATALOG_COMPILER_APPICON_NAME = AppIcon;
				CODE_SIGN_ENTITLEMENTS = QuickShot/QuickShot.entitlements;
				CODE_SIGN_STYLE = Automatic;
				COMBINE_HIDPI_IMAGES = YES;
				DEVELOPMENT_ASSET_PATHS = "\"QuickShot/Preview Content\"";
				DEVELOPMENT_TEAM = 2BZY3UW38Q;
				ENABLE_HARDENED_RUNTIME = YES;
				ENABLE_PREVIEWS = YES;
				INFOPLIST_FILE = QuickShot/Info.plist;
				LD_RUNPATH_SEARCH_PATHS = (
					"$(inherited)",
					"@executable_path/../Frameworks",
				);
				MACOSX_DEPLOYMENT_TARGET = 10.15;
				PRODUCT_BUNDLE_IDENTIFIER = com.martinvidovic.QuickShot;
				PRODUCT_NAME = "$(TARGET_NAME)";
				SWIFT_VERSION = 5.0;
			};
			name = Debug;
		};
		EC72F53124BC7EF000004872 /* Release */ = {
			isa = XCBuildConfiguration;
			buildSettings = {
				ASSETCATALOG_COMPILER_APPICON_NAME = AppIcon;
				CODE_SIGN_ENTITLEMENTS = QuickShot/QuickShot.entitlements;
				CODE_SIGN_STYLE = Automatic;
				COMBINE_HIDPI_IMAGES = YES;
				DEVELOPMENT_ASSET_PATHS = "\"QuickShot/Preview Content\"";
				DEVELOPMENT_TEAM = 2BZY3UW38Q;
				ENABLE_HARDENED_RUNTIME = YES;
				ENABLE_PREVIEWS = YES;
				INFOPLIST_FILE = QuickShot/Info.plist;
				LD_RUNPATH_SEARCH_PATHS = (
					"$(inherited)",
					"@executable_path/../Frameworks",
				);
				MACOSX_DEPLOYMENT_TARGET = 10.15;
				PRODUCT_BUNDLE_IDENTIFIER = com.martinvidovic.QuickShot;
				PRODUCT_NAME = "$(TARGET_NAME)";
				SWIFT_VERSION = 5.0;
			};
			name = Release;
		};
/* End XCBuildConfiguration section */

/* Begin XCConfigurationList section */
		EC72F51724BC7EEA00004872 /* Build configuration list for PBXProject "QuickShot" */ = {
			isa = XCConfigurationList;
			buildConfigurations = (
				EC72F52D24BC7EF000004872 /* Debug */,
				EC72F52E24BC7EF000004872 /* Release */,
			);
			defaultConfigurationIsVisible = 0;
			defaultConfigurationName = Release;
		};
		EC72F52F24BC7EF000004872 /* Build configuration list for PBXNativeTarget "QuickShot" */ = {
			isa = XCConfigurationList;
			buildConfigurations = (
				EC72F53024BC7EF000004872 /* Debug */,
				EC72F53124BC7EF000004872 /* Release */,
			);
			defaultConfigurationIsVisible = 0;
			defaultConfigurationName = Release;
		};
/* End XCConfigurationList section */
	};
	rootObject = EC72F51424BC7EEA00004872 /* Project object */;
}
